// !$*UTF8*$!
{
	archiveVersion = 1;
	classes = {
	};
	objectVersion = 46;
	objects = {

/* Begin PBXBuildFile section */
		3EE527441EA2A91600822ECA /* AppDelegate.swift in Sources */ = {isa = PBXBuildFile; fileRef = 3EE527431EA2A91600822ECA /* AppDelegate.swift */; };
		3EE527491EA2A91600822ECA /* Main.storyboard in Resources */ = {isa = PBXBuildFile; fileRef = 3EE527471EA2A91600822ECA /* Main.storyboard */; };
		3EE5274B1EA2A91600822ECA /* Assets.xcassets in Resources */ = {isa = PBXBuildFile; fileRef = 3EE5274A1EA2A91600822ECA /* Assets.xcassets */; };
		3EE5274E1EA2A91600822ECA /* LaunchScreen.storyboard in Resources */ = {isa = PBXBuildFile; fileRef = 3EE5274C1EA2A91600822ECA /* LaunchScreen.storyboard */; };
		3EE527591EA2A91600822ECA /* WorldTrotterTests.swift in Sources */ = {isa = PBXBuildFile; fileRef = 3EE527581EA2A91600822ECA /* WorldTrotterTests.swift */; };
		3EE527641EA2A91600822ECA /* WorldTrotterUITests.swift in Sources */ = {isa = PBXBuildFile; fileRef = 3EE527631EA2A91600822ECA /* WorldTrotterUITests.swift */; };
		3EFB3CF31EDAA47A0038BE83 /* ConversionViewController.swift in Sources */ = {isa = PBXBuildFile; fileRef = 3EFB3CF21EDAA47A0038BE83 /* ConversionViewController.swift */; };
/* End PBXBuildFile section */

/* Begin PBXContainerItemProxy section */
		3EE527551EA2A91600822ECA /* PBXContainerItemProxy */ = {
			isa = PBXContainerItemProxy;
			containerPortal = 3EE527381EA2A91600822ECA /* Project object */;
			proxyType = 1;
			remoteGlobalIDString = 3EE5273F1EA2A91600822ECA;
			remoteInfo = WorldTrotter;
		};
		3EE527601EA2A91600822ECA /* PBXContainerItemProxy */ = {
			isa = PBXContainerItemProxy;
			containerPortal = 3EE527381EA2A91600822ECA /* Project object */;
			proxyType = 1;
			remoteGlobalIDString = 3EE5273F1EA2A91600822ECA;
			remoteInfo = WorldTrotter;
		};
/* End PBXContainerItemProxy section */

/* Begin PBXFileReference section */
		3EE527401EA2A91600822ECA /* WorldTrotter.app */ = {isa = PBXFileReference; explicitFileType = wrapper.application; includeInIndex = 0; path = WorldTrotter.app; sourceTree = BUILT_PRODUCTS_DIR; };
		3EE527431EA2A91600822ECA /* AppDelegate.swift */ = {isa = PBXFileReference; lastKnownFileType = sourcecode.swift; path = AppDelegate.swift; sourceTree = "<group>"; };
		3EE527481EA2A91600822ECA /* Base */ = {isa = PBXFileReference; lastKnownFileType = file.storyboard; name = Base; path = Base.lproj/Main.storyboard; sourceTree = "<group>"; };
		3EE5274A1EA2A91600822ECA /* Assets.xcassets */ = {isa = PBXFileReference; lastKnownFileType = folder.assetcatalog; path = Assets.xcassets; sourceTree = "<group>"; };
		3EE5274D1EA2A91600822ECA /* Base */ = {isa = PBXFileReference; lastKnownFileType = file.storyboard; name = Base; path = Base.lproj/LaunchScreen.storyboard; sourceTree = "<group>"; };
		3EE5274F1EA2A91600822ECA /* Info.plist */ = {isa = PBXFileReference; lastKnownFileType = text.plist.xml; path = Info.plist; sourceTree = "<group>"; };
		3EE527541EA2A91600822ECA /* WorldTrotterTests.xctest */ = {isa = PBXFileReference; explicitFileType = wrapper.cfbundle; includeInIndex = 0; path = WorldTrotterTests.xctest; sourceTree = BUILT_PRODUCTS_DIR; };
		3EE527581EA2A91600822ECA /* WorldTrotterTests.swift */ = {isa = PBXFileReference; lastKnownFileType = sourcecode.swift; path = WorldTrotterTests.swift; sourceTree = "<group>"; };
		3EE5275A1EA2A91600822ECA /* Info.plist */ = {isa = PBXFileReference; lastKnownFileType = text.plist.xml; path = Info.plist; sourceTree = "<group>"; };
		3EE5275F1EA2A91600822ECA /* WorldTrotterUITests.xctest */ = {isa = PBXFileReference; explicitFileType = wrapper.cfbundle; includeInIndex = 0; path = WorldTrotterUITests.xctest; sourceTree = BUILT_PRODUCTS_DIR; };
		3EE527631EA2A91600822ECA /* WorldTrotterUITests.swift */ = {isa = PBXFileReference; lastKnownFileType = sourcecode.swift; path = WorldTrotterUITests.swift; sourceTree = "<group>"; };
		3EE527651EA2A91600822ECA /* Info.plist */ = {isa = PBXFileReference; lastKnownFileType = text.plist.xml; path = Info.plist; sourceTree = "<group>"; };
		3EFB3CF21EDAA47A0038BE83 /* ConversionViewController.swift */ = {isa = PBXFileReference; fileEncoding = 4; lastKnownFileType = sourcecode.swift; name = ConversionViewController.swift; path = WorldTrotter/ConversionViewController.swift; sourceTree = "<group>"; };
/* End PBXFileReference section */

/* Begin PBXFrameworksBuildPhase section */
		3EE5273D1EA2A91600822ECA /* Frameworks */ = {
			isa = PBXFrameworksBuildPhase;
			buildActionMask = 2147483647;
			files = (
			);
			runOnlyForDeploymentPostprocessing = 0;
		};
		3EE527511EA2A91600822ECA /* Frameworks */ = {
			isa = PBXFrameworksBuildPhase;
			buildActionMask = 2147483647;
			files = (
			);
			runOnlyForDeploymentPostprocessing = 0;
		};
		3EE5275C1EA2A91600822ECA /* Frameworks */ = {
			isa = PBXFrameworksBuildPhase;
			buildActionMask = 2147483647;
			files = (
			);
			runOnlyForDeploymentPostprocessing = 0;
		};
/* End PBXFrameworksBuildPhase section */

/* Begin PBXGroup section */
		3EE527371EA2A91600822ECA = {
			isa = PBXGroup;
			children = (
				3EFB3CF21EDAA47A0038BE83 /* ConversionViewController.swift */,
				3EE527421EA2A91600822ECA /* WorldTrotter */,
				3EE527571EA2A91600822ECA /* WorldTrotterTests */,
				3EE527621EA2A91600822ECA /* WorldTrotterUITests */,
				3EE527411EA2A91600822ECA /* Products */,
			);
			sourceTree = "<group>";
		};
		3EE527411EA2A91600822ECA /* Products */ = {
			isa = PBXGroup;
			children = (
				3EE527401EA2A91600822ECA /* WorldTrotter.app */,
				3EE527541EA2A91600822ECA /* WorldTrotterTests.xctest */,
				3EE5275F1EA2A91600822ECA /* WorldTrotterUITests.xctest */,
			);
			name = Products;
			sourceTree = "<group>";
		};
		3EE527421EA2A91600822ECA /* WorldTrotter */ = {
			isa = PBXGroup;
			children = (
				3EE527431EA2A91600822ECA /* AppDelegate.swift */,
				3EE527471EA2A91600822ECA /* Main.storyboard */,
				3EE5274A1EA2A91600822ECA /* Assets.xcassets */,
				3EE5274C1EA2A91600822ECA /* LaunchScreen.storyboard */,
				3EE5274F1EA2A91600822ECA /* Info.plist */,
			);
			path = WorldTrotter;
			sourceTree = "<group>";
		};
		3EE527571EA2A91600822ECA /* WorldTrotterTests */ = {
			isa = PBXGroup;
			children = (
				3EE527581EA2A91600822ECA /* WorldTrotterTests.swift */,
				3EE5275A1EA2A91600822ECA /* Info.plist */,
			);
			path = WorldTrotterTests;
			sourceTree = "<group>";
		};
		3EE527621EA2A91600822ECA /* WorldTrotterUITests */ = {
			isa = PBXGroup;
			children = (
				3EE527631EA2A91600822ECA /* WorldTrotterUITests.swift */,
				3EE527651EA2A91600822ECA /* Info.plist */,
			);
			path = WorldTrotterUITests;
			sourceTree = "<group>";
		};
/* End PBXGroup section */

/* Begin PBXNativeTarget section */
		3EE5273F1EA2A91600822ECA /* WorldTrotter */ = {
			isa = PBXNativeTarget;
			buildConfigurationList = 3EE527681EA2A91600822ECA /* Build configuration list for PBXNativeTarget "WorldTrotter" */;
			buildPhases = (
				3EE5273C1EA2A91600822ECA /* Sources */,
				3EE5273D1EA2A91600822ECA /* Frameworks */,
				3EE5273E1EA2A91600822ECA /* Resources */,
			);
			buildRules = (
			);
			dependencies = (
			);
			name = WorldTrotter;
			productName = WorldTrotter;
			productReference = 3EE527401EA2A91600822ECA /* WorldTrotter.app */;
			productType = "com.apple.product-type.application";
		};
		3EE527531EA2A91600822ECA /* WorldTrotterTests */ = {
			isa = PBXNativeTarget;
			buildConfigurationList = 3EE5276B1EA2A91600822ECA /* Build configuration list for PBXNativeTarget "WorldTrotterTests" */;
			buildPhases = (
				3EE527501EA2A91600822ECA /* Sources */,
				3EE527511EA2A91600822ECA /* Frameworks */,
				3EE527521EA2A91600822ECA /* Resources */,
			);
			buildRules = (
			);
			dependencies = (
				3EE527561EA2A91600822ECA /* PBXTargetDependency */,
			);
			name = WorldTrotterTests;
			productName = WorldTrotterTests;
			productReference = 3EE527541EA2A91600822ECA /* WorldTrotterTests.xctest */;
			productType = "com.apple.product-type.bundle.unit-test";
		};
		3EE5275E1EA2A91600822ECA /* WorldTrotterUITests */ = {
			isa = PBXNativeTarget;
			buildConfigurationList = 3EE5276E1EA2A91600822ECA /* Build configuration list for PBXNativeTarget "WorldTrotterUITests" */;
			buildPhases = (
				3EE5275B1EA2A91600822ECA /* Sources */,
				3EE5275C1EA2A91600822ECA /* Frameworks */,
				3EE5275D1EA2A91600822ECA /* Resources */,
			);
			buildRules = (
			);
			dependencies = (
				3EE527611EA2A91600822ECA /* PBXTargetDependency */,
			);
			name = WorldTrotterUITests;
			productName = WorldTrotterUITests;
			productReference = 3EE5275F1EA2A91600822ECA /* WorldTrotterUITests.xctest */;
			productType = "com.apple.product-type.bundle.ui-testing";
		};
/* End PBXNativeTarget section */

/* Begin PBXProject section */
		3EE527381EA2A91600822ECA /* Project object */ = {
			isa = PBXProject;
			attributes = {
				LastSwiftUpdateCheck = 0830;
				LastUpgradeCheck = 0830;
				ORGANIZATIONNAME = "Big Nerd Ranch";
				TargetAttributes = {
					3EE5273F1EA2A91600822ECA = {
						CreatedOnToolsVersion = 8.3.1;
						ProvisioningStyle = Automatic;
					};
					3EE527531EA2A91600822ECA = {
						CreatedOnToolsVersion = 8.3.1;
						ProvisioningStyle = Automatic;
						TestTargetID = 3EE5273F1EA2A91600822ECA;
					};
					3EE5275E1EA2A91600822ECA = {
						CreatedOnToolsVersion = 8.3.1;
						ProvisioningStyle = Automatic;
						TestTargetID = 3EE5273F1EA2A91600822ECA;
					};
				};
			};
			buildConfigurationList = 3EE5273B1EA2A91600822ECA /* Build configuration list for PBXProject "WorldTrotter" */;
			compatibilityVersion = "Xcode 3.2";
			developmentRegion = English;
			hasScannedForEncodings = 0;
			knownRegions = (
				en,
				Base,
			);
			mainGroup = 3EE527371EA2A91600822ECA;
			productRefGroup = 3EE527411EA2A91600822ECA /* Products */;
			projectDirPath = "";
			projectRoot = "";
			targets = (
				3EE5273F1EA2A91600822ECA /* WorldTrotter */,
				3EE527531EA2A91600822ECA /* WorldTrotterTests */,
				3EE5275E1EA2A91600822ECA /* WorldTrotterUITests */,
			);
		};
/* End PBXProject section */

/* Begin PBXResourcesBuildPhase section */
		3EE5273E1EA2A91600822ECA /* Resources */ = {
			isa = PBXResourcesBuildPhase;
			buildActionMask = 2147483647;
			files = (
				3EE5274E1EA2A91600822ECA /* LaunchScreen.storyboard in Resources */,
				3EE5274B1EA2A91600822ECA /* Assets.xcassets in Resources */,
				3EE527491EA2A91600822ECA /* Main.storyboard in Resources */,
			);
			runOnlyForDeploymentPostprocessing = 0;
		};
		3EE527521EA2A91600822ECA /* Resources */ = {
			isa = PBXResourcesBuildPhase;
			buildActionMask = 2147483647;
			files = (
			);
			runOnlyForDeploymentPostprocessing = 0;
		};
		3EE5275D1EA2A91600822ECA /* Resources */ = {
			isa = PBXResourcesBuildPhase;
			buildActionMask = 2147483647;
			files = (
			);
			runOnlyForDeploymentPostprocessing = 0;
		};
/* End PBXResourcesBuildPhase section */

/* Begin PBXSourcesBuildPhase section */
		3EE5273C1EA2A91600822ECA /* Sources */ = {
			isa = PBXSourcesBuildPhase;
			buildActionMask = 2147483647;
			files = (
				3EFB3CF31EDAA47A0038BE83 /* ConversionViewController.swift in Sources */,
				3EE527441EA2A91600822ECA /* AppDelegate.swift in Sources */,
			);
			runOnlyForDeploymentPostprocessing = 0;
		};
		3EE527501EA2A91600822ECA /* Sources */ = {
			isa = PBXSourcesBuildPhase;
			buildActionMask = 2147483647;
			files = (
				3EE527591EA2A91600822ECA /* WorldTrotterTests.swift in Sources */,
			);
			runOnlyForDeploymentPostprocessing = 0;
		};
		3EE5275B1EA2A91600822ECA /* Sources */ = {
			isa = PBXSourcesBuildPhase;
			buildActionMask = 2147483647;
			files = (
				3EE527641EA2A91600822ECA /* WorldTrotterUITests.swift in Sources */,
			);
			runOnlyForDeploymentPostprocessing = 0;
		};
/* End PBXSourcesBuildPhase section */

/* Begin PBXTargetDependency section */
		3EE527561EA2A91600822ECA /* PBXTargetDependency */ = {
			isa = PBXTargetDependency;
			target = 3EE5273F1EA2A91600822ECA /* WorldTrotter */;
			targetProxy = 3EE527551EA2A91600822ECA /* PBXContainerItemProxy */;
		};
		3EE527611EA2A91600822ECA /* PBXTargetDependency */ = {
			isa = PBXTargetDependency;
			target = 3EE5273F1EA2A91600822ECA /* WorldTrotter */;
			targetProxy = 3EE527601EA2A91600822ECA /* PBXContainerItemProxy */;
		};
/* End PBXTargetDependency section */

/* Begin PBXVariantGroup section */
		3EE527471EA2A91600822ECA /* Main.storyboard */ = {
			isa = PBXVariantGroup;
			children = (
				3EE527481EA2A91600822ECA /* Base */,
			);
			name = Main.storyboard;
			sourceTree = "<group>";
		};
		3EE5274C1EA2A91600822ECA /* LaunchScreen.storyboard */ = {
			isa = PBXVariantGroup;
			children = (
				3EE5274D1EA2A91600822ECA /* Base */,
			);
			name = LaunchScreen.storyboard;
			sourceTree = "<group>";
		};
/* End PBXVariantGroup section */

/* Begin XCBuildConfiguration section */
		3EE527661EA2A91600822ECA /* Debug */ = {
			isa = XCBuildConfiguration;
			buildSettings = {
				ALWAYS_SEARCH_USER_PATHS = NO;
				CLANG_ANALYZER_NONNULL = YES;
				CLANG_ANALYZER_NUMBER_OBJECT_CONVERSION = YES_AGGRESSIVE;
				CLANG_CXX_LANGUAGE_STANDARD = "gnu++0x";
				CLANG_CXX_LIBRARY = "libc++";
				CLANG_ENABLE_MODULES = YES;
				CLANG_ENABLE_OBJC_ARC = YES;
				CLANG_WARN_BOOL_CONVERSION = YES;
				CLANG_WARN_CONSTANT_CONVERSION = YES;
				CLANG_WARN_DIRECT_OBJC_ISA_USAGE = YES_ERROR;
				CLANG_WARN_DOCUMENTATION_COMMENTS = YES;
				CLANG_WARN_EMPTY_BODY = YES;
				CLANG_WARN_ENUM_CONVERSION = YES;
				CLANG_WARN_INFINITE_RECURSION = YES;
				CLANG_WARN_INT_CONVERSION = YES;
				CLANG_WARN_OBJC_ROOT_CLASS = YES_ERROR;
				CLANG_WARN_SUSPICIOUS_MOVE = YES;
				CLANG_WARN_UNREACHABLE_CODE = YES;
				CLANG_WARN__DUPLICATE_METHOD_MATCH = YES;
				"CODE_SIGN_IDENTITY[sdk=iphoneos*]" = "iPhone Developer";
				COPY_PHASE_STRIP = NO;
				DEBUG_INFORMATION_FORMAT = dwarf;
				ENABLE_STRICT_OBJC_MSGSEND = YES;
				ENABLE_TESTABILITY = YES;
				GCC_C_LANGUAGE_STANDARD = gnu99;
				GCC_DYNAMIC_NO_PIC = NO;
				GCC_NO_COMMON_BLOCKS = YES;
				GCC_OPTIMIZATION_LEVEL = 0;
				GCC_PREPROCESSOR_DEFINITIONS = (
					"DEBUG=1",
					"$(inherited)",
				);
				GCC_WARN_64_TO_32_BIT_CONVERSION = YES;
				GCC_WARN_ABOUT_RETURN_TYPE = YES_ERROR;
				GCC_WARN_UNDECLARED_SELECTOR = YES;
				GCC_WARN_UNINITIALIZED_AUTOS = YES_AGGRESSIVE;
				GCC_WARN_UNUSED_FUNCTION = YES;
				GCC_WARN_UNUSED_VARIABLE = YES;
				IPHONEOS_DEPLOYMENT_TARGET = 10.3;
				MTL_ENABLE_DEBUG_INFO = YES;
				ONLY_ACTIVE_ARCH = YES;
				SDKROOT = iphoneos;
				SWIFT_ACTIVE_COMPILATION_CONDITIONS = DEBUG;
				SWIFT_OPTIMIZATION_LEVEL = "-Onone";
				TARGETED_DEVICE_FAMILY = "1,2";
			};
			name = Debug;
		};
		3EE527671EA2A91600822ECA /* Release */ = {
			isa = XCBuildConfiguration;
			buildSettings = {
				ALWAYS_SEARCH_USER_PATHS = NO;
				CLANG_ANALYZER_NONNULL = YES;
				CLANG_ANALYZER_NUMBER_OBJECT_CONVERSION = YES_AGGRESSIVE;
				CLANG_CXX_LANGUAGE_STANDARD = "gnu++0x";
				CLANG_CXX_LIBRARY = "libc++";
				CLANG_ENABLE_MODULES = YES;
				CLANG_ENABLE_OBJC_ARC = YES;
				CLANG_WARN_BOOL_CONVERSION = YES;
				CLANG_WARN_CONSTANT_CONVERSION = YES;
				CLANG_WARN_DIRECT_OBJC_ISA_USAGE = YES_ERROR;
				CLANG_WARN_DOCUMENTATION_COMMENTS = YES;
				CLANG_WARN_EMPTY_BODY = YES;
				CLANG_WARN_ENUM_CONVERSION = YES;
				CLANG_WARN_INFINITE_RECURSION = YES;
				CLANG_WARN_INT_CONVERSION = YES;
				CLANG_WARN_OBJC_ROOT_CLASS = YES_ERROR;
				CLANG_WARN_SUSPICIOUS_MOVE = YES;
				CLANG_WARN_UNREACHABLE_CODE = YES;
				CLANG_WARN__DUPLICATE_METHOD_MATCH = YES;
				"CODE_SIGN_IDENTITY[sdk=iphoneos*]" = "iPhone Developer";
				COPY_PHASE_STRIP = NO;
				DEBUG_INFORMATION_FORMAT = "dwarf-with-dsym";
				ENABLE_NS_ASSERTIONS = NO;
				ENABLE_STRICT_OBJC_MSGSEND = YES;
				GCC_C_LANGUAGE_STANDARD = gnu99;
				GCC_NO_COMMON_BLOCKS = YES;
				GCC_WARN_64_TO_32_BIT_CONVERSION = YES;
				GCC_WARN_ABOUT_RETURN_TYPE = YES_ERROR;
				GCC_WARN_UNDECLARED_SELECTOR = YES;
				GCC_WARN_UNINITIALIZED_AUTOS = YES_AGGRESSIVE;
				GCC_WARN_UNUSED_FUNCTION = YES;
				GCC_WARN_UNUSED_VARIABLE = YES;
				IPHONEOS_DEPLOYMENT_TARGET = 10.3;
				MTL_ENABLE_DEBUG_INFO = NO;
				SDKROOT = iphoneos;
				SWIFT_OPTIMIZATION_LEVEL = "-Owholemodule";
				TARGETED_DEVICE_FAMILY = "1,2";
				VALIDATE_PRODUCT = YES;
			};
			name = Release;
		};
		3EE527691EA2A91600822ECA /* Debug */ = {
			isa = XCBuildConfiguration;
			buildSettings = {
				ASSETCATALOG_COMPILER_APPICON_NAME = AppIcon;
				INFOPLIST_FILE = WorldTrotter/Info.plist;
				LD_RUNPATH_SEARCH_PATHS = "$(inherited) @executable_path/Frameworks";
				PRODUCT_BUNDLE_IDENTIFIER = com.bignerdranch.WorldTrotter;
				PRODUCT_NAME = "$(TARGET_NAME)";
				SWIFT_VERSION = 3.0;
			};
			name = Debug;
		};
		3EE5276A1EA2A91600822ECA /* Release */ = {
			isa = XCBuildConfiguration;
			buildSettings = {
				ASSETCATALOG_COMPILER_APPICON_NAME = AppIcon;
				INFOPLIST_FILE = WorldTrotter/Info.plist;
				LD_RUNPATH_SEARCH_PATHS = "$(inherited) @executable_path/Frameworks";
				PRODUCT_BUNDLE_IDENTIFIER = com.bignerdranch.WorldTrotter;
				PRODUCT_NAME = "$(TARGET_NAME)";
				SWIFT_VERSION = 3.0;
			};
			name = Release;
		};
		3EE5276C1EA2A91600822ECA /* Debug */ = {
			isa = XCBuildConfiguration;
			buildSettings = {
				ALWAYS_EMBED_SWIFT_STANDARD_LIBRARIES = YES;
				BUNDLE_LOADER = "$(TEST_HOST)";
				INFOPLIST_FILE = WorldTrotterTests/Info.plist;
				LD_RUNPATH_SEARCH_PATHS = "$(inherited) @executable_path/Frameworks @loader_path/Frameworks";
				PRODUCT_BUNDLE_IDENTIFIER = com.bignerdranch.WorldTrotterTests;
				PRODUCT_NAME = "$(TARGET_NAME)";
				SWIFT_VERSION = 3.0;
				TEST_HOST = "$(BUILT_PRODUCTS_DIR)/WorldTrotter.app/WorldTrotter";
			};
			name = Debug;
		};
		3EE5276D1EA2A91600822ECA /* Release */ = {
			isa = XCBuildConfiguration;
			buildSettings = {
				ALWAYS_EMBED_SWIFT_STANDARD_LIBRARIES = YES;
				BUNDLE_LOADER = "$(TEST_HOST)";
				INFOPLIST_FILE = WorldTrotterTests/Info.plist;
				LD_RUNPATH_SEARCH_PATHS = "$(inherited) @executable_path/Frameworks @loader_path/Frameworks";
				PRODUCT_BUNDLE_IDENTIFIER = com.bignerdranch.WorldTrotterTests;
				PRODUCT_NAME = "$(TARGET_NAME)";
				SWIFT_VERSION = 3.0;
				TEST_HOST = "$(BUILT_PRODUCTS_DIR)/WorldTrotter.app/WorldTrotter";
			};
			name = Release;
		};
		3EE5276F1EA2A91600822ECA /* Debug */ = {
			isa = XCBuildConfiguration;
			buildSettings = {
				ALWAYS_EMBED_SWIFT_STANDARD_LIBRARIES = YES;
				INFOPLIST_FILE = WorldTrotterUITests/Info.plist;
				LD_RUNPATH_SEARCH_PATHS = "$(inherited) @executable_path/Frameworks @loader_path/Frameworks";
				PRODUCT_BUNDLE_IDENTIFIER = com.bignerdranch.WorldTrotterUITests;
				PRODUCT_NAME = "$(TARGET_NAME)";
				SWIFT_VERSION = 3.0;
				TEST_TARGET_NAME = WorldTrotter;
			};
			name = Debug;
		};
		3EE527701EA2A91600822ECA /* Release */ = {
			isa = XCBuildConfiguration;
			buildSettings = {
				ALWAYS_EMBED_SWIFT_STANDARD_LIBRARIES = YES;
				INFOPLIST_FILE = WorldTrotterUITests/Info.plist;
				LD_RUNPATH_SEARCH_PATHS = "$(inherited) @executable_path/Frameworks @loader_path/Frameworks";
				PRODUCT_BUNDLE_IDENTIFIER = com.bignerdranch.WorldTrotterUITests;
				PRODUCT_NAME = "$(TARGET_NAME)";
				SWIFT_VERSION = 3.0;
				TEST_TARGET_NAME = WorldTrotter;
			};
			name = Release;
		};
/* End XCBuildConfiguration section */

/* Begin XCConfigurationList section */
		3EE5273B1EA2A91600822ECA /* Build configuration list for PBXProject "WorldTrotter" */ = {
			isa = XCConfigurationList;
			buildConfigurations = (
				3EE527661EA2A91600822ECA /* Debug */,
				3EE527671EA2A91600822ECA /* Release */,
			);
			defaultConfigurationIsVisible = 0;
			defaultConfigurationName = Release;
		};
		3EE527681EA2A91600822ECA /* Build configuration list for PBXNativeTarget "WorldTrotter" */ = {
			isa = XCConfigurationList;
			buildConfigurations = (
				3EE527691EA2A91600822ECA /* Debug */,
				3EE5276A1EA2A91600822ECA /* Release */,
			);
			defaultConfigurationIsVisible = 0;
			defaultConfigurationName = Release;
		};
		3EE5276B1EA2A91600822ECA /* Build configuration list for PBXNativeTarget "WorldTrotterTests" */ = {
			isa = XCConfigurationList;
			buildConfigurations = (
				3EE5276C1EA2A91600822ECA /* Debug */,
				3EE5276D1EA2A91600822ECA /* Release */,
			);
			defaultConfigurationIsVisible = 0;
			defaultConfigurationName = Release;
		};
		3EE5276E1EA2A91600822ECA /* Build configuration list for PBXNativeTarget "WorldTrotterUITests" */ = {
			isa = XCConfigurationList;
			buildConfigurations = (
				3EE5276F1EA2A91600822ECA /* Debug */,
				3EE527701EA2A91600822ECA /* Release */,
			);
			defaultConfigurationIsVisible = 0;
			defaultConfigurationName = Release;
		};
/* End XCConfigurationList section */
	};
	rootObject = 3EE527381EA2A91600822ECA /* Project object */;
}
